// !$*UTF8*$!
{
	archiveVersion = 1;
	classes = {
	};
	objectVersion = 46;
	objects = {

/* Begin PBXBuildFile section */
		912AC29D191B88F900B75174 /* FMDatabase.m in Sources */ = {isa = PBXBuildFile; fileRef = 912AC294191B88F900B75174 /* FMDatabase.m */; settings = {COMPILER_FLAGS = "-fno-objc-arc"; }; };
		912AC29E191B88F900B75174 /* FMDatabaseAdditions.m in Sources */ = {isa = PBXBuildFile; fileRef = 912AC296191B88F900B75174 /* FMDatabaseAdditions.m */; settings = {COMPILER_FLAGS = "-fno-objc-arc"; }; };
		912AC29F191B88F900B75174 /* FMDatabasePool.m in Sources */ = {isa = PBXBuildFile; fileRef = 912AC298191B88F900B75174 /* FMDatabasePool.m */; settings = {COMPILER_FLAGS = "-fno-objc-arc"; }; };
		912AC2A0191B88F900B75174 /* FMDatabaseQueue.m in Sources */ = {isa = PBXBuildFile; fileRef = 912AC29A191B88F900B75174 /* FMDatabaseQueue.m */; settings = {COMPILER_FLAGS = "-fno-objc-arc"; }; };
		912AC2A1191B88F900B75174 /* FMResultSet.m in Sources */ = {isa = PBXBuildFile; fileRef = 912AC29C191B88F900B75174 /* FMResultSet.m */; settings = {COMPILER_FLAGS = "-fno-objc-arc"; }; };
		912AC2A3191B8E4600B75174 /* libsqlite3.0.dylib in Frameworks */ = {isa = PBXBuildFile; fileRef = 912AC2A2191B8E4600B75174 /* libsqlite3.0.dylib */; };
		915A1379191A543A00DAA142 /* Foundation.framework in Frameworks */ = {isa = PBXBuildFile; fileRef = 915A1378191A543A00DAA142 /* Foundation.framework */; };
		915A137B191A543A00DAA142 /* CoreGraphics.framework in Frameworks */ = {isa = PBXBuildFile; fileRef = 915A137A191A543A00DAA142 /* CoreGraphics.framework */; };
		915A137D191A543A00DAA142 /* UIKit.framework in Frameworks */ = {isa = PBXBuildFile; fileRef = 915A137C191A543A00DAA142 /* UIKit.framework */; };
		915A1383191A543A00DAA142 /* InfoPlist.strings in Resources */ = {isa = PBXBuildFile; fileRef = 915A1381191A543A00DAA142 /* InfoPlist.strings */; };
		915A1385191A543A00DAA142 /* main.m in Sources */ = {isa = PBXBuildFile; fileRef = 915A1384191A543A00DAA142 /* main.m */; };
		915A1389191A543A00DAA142 /* ZECAppDelegate.m in Sources */ = {isa = PBXBuildFile; fileRef = 915A1388191A543A00DAA142 /* ZECAppDelegate.m */; };
		915A138B191A543A00DAA142 /* Images.xcassets in Resources */ = {isa = PBXBuildFile; fileRef = 915A138A191A543A00DAA142 /* Images.xcassets */; };
		915A1392191A543A00DAA142 /* XCTest.framework in Frameworks */ = {isa = PBXBuildFile; fileRef = 915A1391191A543A00DAA142 /* XCTest.framework */; };
		915A1393191A543A00DAA142 /* Foundation.framework in Frameworks */ = {isa = PBXBuildFile; fileRef = 915A1378191A543A00DAA142 /* Foundation.framework */; };
		915A1394191A543A00DAA142 /* UIKit.framework in Frameworks */ = {isa = PBXBuildFile; fileRef = 915A137C191A543A00DAA142 /* UIKit.framework */; };
		915A139C191A543A00DAA142 /* InfoPlist.strings in Resources */ = {isa = PBXBuildFile; fileRef = 915A139A191A543A00DAA142 /* InfoPlist.strings */; };
		915A139E191A543A00DAA142 /* JSONImageDownloadPracticeTests.m in Sources */ = {isa = PBXBuildFile; fileRef = 915A139D191A543A00DAA142 /* JSONImageDownloadPracticeTests.m */; };
		915A13A9191A544300DAA142 /* RootViewController.m in Sources */ = {isa = PBXBuildFile; fileRef = 915A13A8191A544300DAA142 /* RootViewController.m */; };
		915A13DE191A5E3000DAA142 /* photo.png in Resources */ = {isa = PBXBuildFile; fileRef = 915A13DD191A5E3000DAA142 /* photo.png */; };
/* End PBXBuildFile section */

/* Begin PBXContainerItemProxy section */
		915A1395191A543A00DAA142 /* PBXContainerItemProxy */ = {
			isa = PBXContainerItemProxy;
			containerPortal = 915A136D191A543A00DAA142 /* Project object */;
			proxyType = 1;
			remoteGlobalIDString = 915A1374191A543A00DAA142;
			remoteInfo = JSONImageDownloadPractice;
		};
/* End PBXContainerItemProxy section */

/* Begin PBXFileReference section */
		912AC293191B88F900B75174 /* FMDatabase.h */ = {isa = PBXFileReference; fileEncoding = 4; lastKnownFileType = sourcecode.c.h; path = FMDatabase.h; sourceTree = "<group>"; };
		912AC294191B88F900B75174 /* FMDatabase.m */ = {isa = PBXFileReference; fileEncoding = 4; lastKnownFileType = sourcecode.c.objc; path = FMDatabase.m; sourceTree = "<group>"; };
		912AC295191B88F900B75174 /* FMDatabaseAdditions.h */ = {isa = PBXFileReference; fileEncoding = 4; lastKnownFileType = sourcecode.c.h; path = FMDatabaseAdditions.h; sourceTree = "<group>"; };
		912AC296191B88F900B75174 /* FMDatabaseAdditions.m */ = {isa = PBXFileReference; fileEncoding = 4; lastKnownFileType = sourcecode.c.objc; path = FMDatabaseAdditions.m; sourceTree = "<group>"; };
		912AC297191B88F900B75174 /* FMDatabasePool.h */ = {isa = PBXFileReference; fileEncoding = 4; lastKnownFileType = sourcecode.c.h; path = FMDatabasePool.h; sourceTree = "<group>"; };
		912AC298191B88F900B75174 /* FMDatabasePool.m */ = {isa = PBXFileReference; fileEncoding = 4; lastKnownFileType = sourcecode.c.objc; path = FMDatabasePool.m; sourceTree = "<group>"; };
		912AC299191B88F900B75174 /* FMDatabaseQueue.h */ = {isa = PBXFileReference; fileEncoding = 4; lastKnownFileType = sourcecode.c.h; path = FMDatabaseQueue.h; sourceTree = "<group>"; };
		912AC29A191B88F900B75174 /* FMDatabaseQueue.m */ = {isa = PBXFileReference; fileEncoding = 4; lastKnownFileType = sourcecode.c.objc; path = FMDatabaseQueue.m; sourceTree = "<group>"; };
		912AC29B191B88F900B75174 /* FMResultSet.h */ = {isa = PBXFileReference; fileEncoding = 4; lastKnownFileType = sourcecode.c.h; path = FMResultSet.h; sourceTree = "<group>"; };
		912AC29C191B88F900B75174 /* FMResultSet.m */ = {isa = PBXFileReference; fileEncoding = 4; lastKnownFileType = sourcecode.c.objc; path = FMResultSet.m; sourceTree = "<group>"; };
		912AC2A2191B8E4600B75174 /* libsqlite3.0.dylib */ = {isa = PBXFileReference; lastKnownFileType = "compiled.mach-o.dylib"; name = libsqlite3.0.dylib; path = usr/lib/libsqlite3.0.dylib; sourceTree = SDKROOT; };
		915A1375191A543A00DAA142 /* JSONImageDownloadPractice.app */ = {isa = PBXFileReference; explicitFileType = wrapper.application; includeInIndex = 0; path = JSONImageDownloadPractice.app; sourceTree = BUILT_PRODUCTS_DIR; };
		915A1378191A543A00DAA142 /* Foundation.framework */ = {isa = PBXFileReference; lastKnownFileType = wrapper.framework; name = Foundation.framework; path = System/Library/Frameworks/Foundation.framework; sourceTree = SDKROOT; };
		915A137A191A543A00DAA142 /* CoreGraphics.framework */ = {isa = PBXFileReference; lastKnownFileType = wrapper.framework; name = CoreGraphics.framework; path = System/Library/Frameworks/CoreGraphics.framework; sourceTree = SDKROOT; };
		915A137C191A543A00DAA142 /* UIKit.framework */ = {isa = PBXFileReference; lastKnownFileType = wrapper.framework; name = UIKit.framework; path = System/Library/Frameworks/UIKit.framework; sourceTree = SDKROOT; };
		915A1380191A543A00DAA142 /* JSONImageDownloadPractice-Info.plist */ = {isa = PBXFileReference; lastKnownFileType = text.plist.xml; path = "JSONImageDownloadPractice-Info.plist"; sourceTree = "<group>"; };
		915A1382191A543A00DAA142 /* en */ = {isa = PBXFileReference; lastKnownFileType = text.plist.strings; name = en; path = en.lproj/InfoPlist.strings; sourceTree = "<group>"; };
		915A1384191A543A00DAA142 /* main.m */ = {isa = PBXFileReference; lastKnownFileType = sourcecode.c.objc; path = main.m; sourceTree = "<group>"; };
		915A1386191A543A00DAA142 /* JSONImageDownloadPractice-Prefix.pch */ = {isa = PBXFileReference; lastKnownFileType = sourcecode.c.h; path = "JSONImageDownloadPractice-Prefix.pch"; sourceTree = "<group>"; };
		915A1387191A543A00DAA142 /* ZECAppDelegate.h */ = {isa = PBXFileReference; lastKnownFileType = sourcecode.c.h; path = ZECAppDelegate.h; sourceTree = "<group>"; };
		915A1388191A543A00DAA142 /* ZECAppDelegate.m */ = {isa = PBXFileReference; lastKnownFileType = sourcecode.c.objc; path = ZECAppDelegate.m; sourceTree = "<group>"; };
		915A138A191A543A00DAA142 /* Images.xcassets */ = {isa = PBXFileReference; lastKnownFileType = folder.assetcatalog; path = Images.xcassets; sourceTree = "<group>"; };
		915A1390191A543A00DAA142 /* JSONImageDownloadPracticeTests.xctest */ = {isa = PBXFileReference; explicitFileType = wrapper.cfbundle; includeInIndex = 0; path = JSONImageDownloadPracticeTests.xctest; sourceTree = BUILT_PRODUCTS_DIR; };
		915A1391191A543A00DAA142 /* XCTest.framework */ = {isa = PBXFileReference; lastKnownFileType = wrapper.framework; name = XCTest.framework; path = Library/Frameworks/XCTest.framework; sourceTree = DEVELOPER_DIR; };
		915A1399191A543A00DAA142 /* JSONImageDownloadPracticeTests-Info.plist */ = {isa = PBXFileReference; lastKnownFileType = text.plist.xml; path = "JSONImageDownloadPracticeTests-Info.plist"; sourceTree = "<group>"; };
		915A139B191A543A00DAA142 /* en */ = {isa = PBXFileReference; lastKnownFileType = text.plist.strings; name = en; path = en.lproj/InfoPlist.strings; sourceTree = "<group>"; };
		915A139D191A543A00DAA142 /* JSONImageDownloadPracticeTests.m */ = {isa = PBXFileReference; lastKnownFileType = sourcecode.c.objc; path = JSONImageDownloadPracticeTests.m; sourceTree = "<group>"; };
		915A13A7191A544300DAA142 /* RootViewController.h */ = {isa = PBXFileReference; fileEncoding = 4; lastKnownFileType = sourcecode.c.h; path = RootViewController.h; sourceTree = "<group>"; };
		915A13A8191A544300DAA142 /* RootViewController.m */ = {isa = PBXFileReference; fileEncoding = 4; lastKnownFileType = sourcecode.c.objc; path = RootViewController.m; sourceTree = "<group>"; };
		915A13DD191A5E3000DAA142 /* photo.png */ = {isa = PBXFileReference; lastKnownFileType = image.png; path = photo.png; sourceTree = "<group>"; };
/* End PBXFileReference section */

/* Begin PBXFrameworksBuildPhase section */
		915A1372191A543A00DAA142 /* Frameworks */ = {
			isa = PBXFrameworksBuildPhase;
			buildActionMask = 2147483647;
			files = (
				912AC2A3191B8E4600B75174 /* libsqlite3.0.dylib in Frameworks */,
				915A137B191A543A00DAA142 /* CoreGraphics.framework in Frameworks */,
				915A137D191A543A00DAA142 /* UIKit.framework in Frameworks */,
				915A1379191A543A00DAA142 /* Foundation.framework in Frameworks */,
			);
			runOnlyForDeploymentPostprocessing = 0;
		};
		915A138D191A543A00DAA142 /* Frameworks */ = {
			isa = PBXFrameworksBuildPhase;
			buildActionMask = 2147483647;
			files = (
				915A1392191A543A00DAA142 /* XCTest.framework in Frameworks */,
				915A1394191A543A00DAA142 /* UIKit.framework in Frameworks */,
				915A1393191A543A00DAA142 /* Foundation.framework in Frameworks */,
			);
			runOnlyForDeploymentPostprocessing = 0;
		};
/* End PBXFrameworksBuildPhase section */

/* Begin PBXGroup section */
		912AC292191B88F900B75174 /* FMDB */ = {
			isa = PBXGroup;
			children = (
				912AC293191B88F900B75174 /* FMDatabase.h */,
				912AC294191B88F900B75174 /* FMDatabase.m */,
				912AC295191B88F900B75174 /* FMDatabaseAdditions.h */,
				912AC296191B88F900B75174 /* FMDatabaseAdditions.m */,
				912AC297191B88F900B75174 /* FMDatabasePool.h */,
				912AC298191B88F900B75174 /* FMDatabasePool.m */,
				912AC299191B88F900B75174 /* FMDatabaseQueue.h */,
				912AC29A191B88F900B75174 /* FMDatabaseQueue.m */,
				912AC29B191B88F900B75174 /* FMResultSet.h */,
				912AC29C191B88F900B75174 /* FMResultSet.m */,
			);
			path = FMDB;
			sourceTree = "<group>";
		};
		915A136C191A543A00DAA142 = {
			isa = PBXGroup;
			children = (
				912AC292191B88F900B75174 /* FMDB */,
				915A13DD191A5E3000DAA142 /* photo.png */,
				915A137E191A543A00DAA142 /* JSONImageDownloadPractice */,
				915A1397191A543A00DAA142 /* JSONImageDownloadPracticeTests */,
				915A1377191A543A00DAA142 /* Frameworks */,
				915A1376191A543A00DAA142 /* Products */,
			);
			sourceTree = "<group>";
		};
		915A1376191A543A00DAA142 /* Products */ = {
			isa = PBXGroup;
			children = (
				915A1375191A543A00DAA142 /* JSONImageDownloadPractice.app */,
				915A1390191A543A00DAA142 /* JSONImageDownloadPracticeTests.xctest */,
			);
			name = Products;
			sourceTree = "<group>";
		};
		915A1377191A543A00DAA142 /* Frameworks */ = {
			isa = PBXGroup;
			children = (
				912AC2A2191B8E4600B75174 /* libsqlite3.0.dylib */,
				915A1378191A543A00DAA142 /* Foundation.framework */,
				915A137A191A543A00DAA142 /* CoreGraphics.framework */,
				915A137C191A543A00DAA142 /* UIKit.framework */,
				915A1391191A543A00DAA142 /* XCTest.framework */,
			);
			name = Frameworks;
			sourceTree = "<group>";
		};
		915A137E191A543A00DAA142 /* JSONImageDownloadPractice */ = {
			isa = PBXGroup;
			children = (
				915A1387191A543A00DAA142 /* ZECAppDelegate.h */,
				915A1388191A543A00DAA142 /* ZECAppDelegate.m */,
				915A13A7191A544300DAA142 /* RootViewController.h */,
				915A13A8191A544300DAA142 /* RootViewController.m */,
				915A138A191A543A00DAA142 /* Images.xcassets */,
				915A137F191A543A00DAA142 /* Supporting Files */,
			);
			path = JSONImageDownloadPractice;
			sourceTree = "<group>";
		};
		915A137F191A543A00DAA142 /* Supporting Files */ = {
			isa = PBXGroup;
			children = (
				915A1380191A543A00DAA142 /* JSONImageDownloadPractice-Info.plist */,
				915A1381191A543A00DAA142 /* InfoPlist.strings */,
				915A1384191A543A00DAA142 /* main.m */,
				915A1386191A543A00DAA142 /* JSONImageDownloadPractice-Prefix.pch */,
			);
			name = "Supporting Files";
			sourceTree = "<group>";
		};
		915A1397191A543A00DAA142 /* JSONImageDownloadPracticeTests */ = {
			isa = PBXGroup;
			children = (
				915A139D191A543A00DAA142 /* JSONImageDownloadPracticeTests.m */,
				915A1398191A543A00DAA142 /* Supporting Files */,
			);
			path = JSONImageDownloadPracticeTests;
			sourceTree = "<group>";
		};
		915A1398191A543A00DAA142 /* Supporting Files */ = {
			isa = PBXGroup;
			children = (
				915A1399191A543A00DAA142 /* JSONImageDownloadPracticeTests-Info.plist */,
				915A139A191A543A00DAA142 /* InfoPlist.strings */,
			);
			name = "Supporting Files";
			sourceTree = "<group>";
		};
/* End PBXGroup section */

/* Begin PBXNativeTarget section */
		915A1374191A543A00DAA142 /* JSONImageDownloadPractice */ = {
			isa = PBXNativeTarget;
			buildConfigurationList = 915A13A1191A543A00DAA142 /* Build configuration list for PBXNativeTarget "JSONImageDownloadPractice" */;
			buildPhases = (
				915A1371191A543A00DAA142 /* Sources */,
				915A1372191A543A00DAA142 /* Frameworks */,
				915A1373191A543A00DAA142 /* Resources */,
			);
			buildRules = (
			);
			dependencies = (
			);
			name = JSONImageDownloadPractice;
			productName = JSONImageDownloadPractice;
			productReference = 915A1375191A543A00DAA142 /* JSONImageDownloadPractice.app */;
			productType = "com.apple.product-type.application";
		};
		915A138F191A543A00DAA142 /* JSONImageDownloadPracticeTests */ = {
			isa = PBXNativeTarget;
			buildConfigurationList = 915A13A4191A543A00DAA142 /* Build configuration list for PBXNativeTarget "JSONImageDownloadPracticeTests" */;
			buildPhases = (
				915A138C191A543A00DAA142 /* Sources */,
				915A138D191A543A00DAA142 /* Frameworks */,
				915A138E191A543A00DAA142 /* Resources */,
			);
			buildRules = (
			);
			dependencies = (
				915A1396191A543A00DAA142 /* PBXTargetDependency */,
			);
			name = JSONImageDownloadPracticeTests;
			productName = JSONImageDownloadPracticeTests;
			productReference = 915A1390191A543A00DAA142 /* JSONImageDownloadPracticeTests.xctest */;
			productType = "com.apple.product-type.bundle.unit-test";
		};
/* End PBXNativeTarget section */

/* Begin PBXProject section */
		915A136D191A543A00DAA142 /* Project object */ = {
			isa = PBXProject;
			attributes = {
				CLASSPREFIX = ZEC;
				LastUpgradeCheck = 0510;
				ORGANIZATIONNAME = Zec;
				TargetAttributes = {
					915A138F191A543A00DAA142 = {
						TestTargetID = 915A1374191A543A00DAA142;
					};
				};
			};
			buildConfigurationList = 915A1370191A543A00DAA142 /* Build configuration list for PBXProject "JSONImageDownloadPractice" */;
			compatibilityVersion = "Xcode 3.2";
			developmentRegion = English;
			hasScannedForEncodings = 0;
			knownRegions = (
				en,
			);
			mainGroup = 915A136C191A543A00DAA142;
			productRefGroup = 915A1376191A543A00DAA142 /* Products */;
			projectDirPath = "";
			projectRoot = "";
			targets = (
				915A1374191A543A00DAA142 /* JSONImageDownloadPractice */,
				915A138F191A543A00DAA142 /* JSONImageDownloadPracticeTests */,
			);
		};
/* End PBXProject section */

/* Begin PBXResourcesBuildPhase section */
		915A1373191A543A00DAA142 /* Resources */ = {
			isa = PBXResourcesBuildPhase;
			buildActionMask = 2147483647;
			files = (
				915A1383191A543A00DAA142 /* InfoPlist.strings in Resources */,
				915A13DE191A5E3000DAA142 /* photo.png in Resources */,
				915A138B191A543A00DAA142 /* Images.xcassets in Resources */,
			);
			runOnlyForDeploymentPostprocessing = 0;
		};
		915A138E191A543A00DAA142 /* Resources */ = {
			isa = PBXResourcesBuildPhase;
			buildActionMask = 2147483647;
			files = (
				915A139C191A543A00DAA142 /* InfoPlist.strings in Resources */,
			);
			runOnlyForDeploymentPostprocessing = 0;
		};
/* End PBXResourcesBuildPhase section */

/* Begin PBXSourcesBuildPhase section */
		915A1371191A543A00DAA142 /* Sources */ = {
			isa = PBXSourcesBuildPhase;
			buildActionMask = 2147483647;
			files = (
				915A1385191A543A00DAA142 /* main.m in Sources */,
				912AC29F191B88F900B75174 /* FMDatabasePool.m in Sources */,
				915A1389191A543A00DAA142 /* ZECAppDelegate.m in Sources */,
				912AC2A0191B88F900B75174 /* FMDatabaseQueue.m in Sources */,
				915A13A9191A544300DAA142 /* RootViewController.m in Sources */,
				912AC29D191B88F900B75174 /* FMDatabase.m in Sources */,
				912AC2A1191B88F900B75174 /* FMResultSet.m in Sources */,
				912AC29E191B88F900B75174 /* FMDatabaseAdditions.m in Sources */,
			);
			runOnlyForDeploymentPostprocessing = 0;
		};
		915A138C191A543A00DAA142 /* Sources */ = {
			isa = PBXSourcesBuildPhase;
			buildActionMask = 2147483647;
			files = (
				915A139E191A543A00DAA142 /* JSONImageDownloadPracticeTests.m in Sources */,
			);
			runOnlyForDeploymentPostprocessing = 0;
		};
/* End PBXSourcesBuildPhase section */

/* Begin PBXTargetDependency section */
		915A1396191A543A00DAA142 /* PBXTargetDependency */ = {
			isa = PBXTargetDependency;
			target = 915A1374191A543A00DAA142 /* JSONImageDownloadPractice */;
			targetProxy = 915A1395191A543A00DAA142 /* PBXContainerItemProxy */;
		};
/* End PBXTargetDependency section */

/* Begin PBXVariantGroup section */
		915A1381191A543A00DAA142 /* InfoPlist.strings */ = {
			isa = PBXVariantGroup;
			children = (
				915A1382191A543A00DAA142 /* en */,
			);
			name = InfoPlist.strings;
			sourceTree = "<group>";
		};
		915A139A191A543A00DAA142 /* InfoPlist.strings */ = {
			isa = PBXVariantGroup;
			children = (
				915A139B191A543A00DAA142 /* en */,
			);
			name = InfoPlist.strings;
			sourceTree = "<group>";
		};
/* End PBXVariantGroup section */

/* Begin XCBuildConfiguration section */
		915A139F191A543A00DAA142 /* Debug */ = {
			isa = XCBuildConfiguration;
			buildSettings = {
				ALWAYS_SEARCH_USER_PATHS = NO;
				CLANG_CXX_LANGUAGE_STANDARD = "gnu++0x";
				CLANG_CXX_LIBRARY = "libc++";
				CLANG_ENABLE_MODULES = YES;
				CLANG_ENABLE_OBJC_ARC = YES;
				CLANG_WARN_BOOL_CONVERSION = YES;
				CLANG_WARN_CONSTANT_CONVERSION = YES;
				CLANG_WARN_DIRECT_OBJC_ISA_USAGE = YES_ERROR;
				CLANG_WARN_EMPTY_BODY = YES;
				CLANG_WARN_ENUM_CONVERSION = YES;
				CLANG_WARN_INT_CONVERSION = YES;
				CLANG_WARN_OBJC_ROOT_CLASS = YES_ERROR;
				CLANG_WARN__DUPLICATE_METHOD_MATCH = YES;
				"CODE_SIGN_IDENTITY[sdk=iphoneos*]" = "iPhone Developer";
				COPY_PHASE_STRIP = NO;
				GCC_C_LANGUAGE_STANDARD = gnu99;
				GCC_DYNAMIC_NO_PIC = NO;
				GCC_OPTIMIZATION_LEVEL = 0;
				GCC_PREPROCESSOR_DEFINITIONS = (
					"DEBUG=1",
					"$(inherited)",
				);
				GCC_SYMBOLS_PRIVATE_EXTERN = NO;
				GCC_WARN_64_TO_32_BIT_CONVERSION = YES;
				GCC_WARN_ABOUT_RETURN_TYPE = YES_ERROR;
				GCC_WARN_UNDECLARED_SELECTOR = YES;
				GCC_WARN_UNINITIALIZED_AUTOS = YES_AGGRESSIVE;
				GCC_WARN_UNUSED_FUNCTION = YES;
				GCC_WARN_UNUSED_VARIABLE = YES;
				IPHONEOS_DEPLOYMENT_TARGET = 7.1;
				ONLY_ACTIVE_ARCH = YES;
				SDKROOT = iphoneos;
			};
			name = Debug;
		};
		915A13A0191A543A00DAA142 /* Release */ = {
			isa = XCBuildConfiguration;
			buildSettings = {
				ALWAYS_SEARCH_USER_PATHS = NO;
				CLANG_CXX_LANGUAGE_STANDARD = "gnu++0x";
				CLANG_CXX_LIBRARY = "libc++";
				CLANG_ENABLE_MODULES = YES;
				CLANG_ENABLE_OBJC_ARC = YES;
				CLANG_WARN_BOOL_CONVERSION = YES;
				CLANG_WARN_CONSTANT_CONVERSION = YES;
				CLANG_WARN_DIRECT_OBJC_ISA_USAGE = YES_ERROR;
				CLANG_WARN_EMPTY_BODY = YES;
				CLANG_WARN_ENUM_CONVERSION = YES;
				CLANG_WARN_INT_CONVERSION = YES;
				CLANG_WARN_OBJC_ROOT_CLASS = YES_ERROR;
				CLANG_WARN__DUPLICATE_METHOD_MATCH = YES;
				"CODE_SIGN_IDENTITY[sdk=iphoneos*]" = "iPhone Developer";
				COPY_PHASE_STRIP = YES;
				ENABLE_NS_ASSERTIONS = NO;
				GCC_C_LANGUAGE_STANDARD = gnu99;
				GCC_WARN_64_TO_32_BIT_CONVERSION = YES;
				GCC_WARN_ABOUT_RETURN_TYPE = YES_ERROR;
				GCC_WARN_UNDECLARED_SELECTOR = YES;
				GCC_WARN_UNINITIALIZED_AUTOS = YES_AGGRESSIVE;
				GCC_WARN_UNUSED_FUNCTION = YES;
				GCC_WARN_UNUSED_VARIABLE = YES;
				IPHONEOS_DEPLOYMENT_TARGET = 7.1;
				SDKROOT = iphoneos;
				VALIDATE_PRODUCT = YES;
			};
			name = Release;
		};
		915A13A2191A543A00DAA142 /* Debug */ = {
			isa = XCBuildConfiguration;
			buildSettings = {
				ASSETCATALOG_COMPILER_APPICON_NAME = AppIcon;
				ASSETCATALOG_COMPILER_LAUNCHIMAGE_NAME = LaunchImage;
				GCC_PRECOMPILE_PREFIX_HEADER = YES;
				GCC_PREFIX_HEADER = "JSONImageDownloadPractice/JSONImageDownloadPractice-Prefix.pch";
				INFOPLIST_FILE = "JSONImageDownloadPractice/JSONImageDownloadPractice-Info.plist";
				PRODUCT_NAME = "$(TARGET_NAME)";
				WRAPPER_EXTENSION = app;
			};
			name = Debug;
		};
		915A13A3191A543A00DAA142 /* Release */ = {
			isa = XCBuildConfiguration;
			buildSettings = {
				ASSETCATALOG_COMPILER_APPICON_NAME = AppIcon;
				ASSETCATALOG_COMPILER_LAUNCHIMAGE_NAME = LaunchImage;
				GCC_PRECOMPILE_PREFIX_HEADER = YES;
				GCC_PREFIX_HEADER = "JSONImageDownloadPractice/JSONImageDownloadPractice-Prefix.pch";
				INFOPLIST_FILE = "JSONImageDownloadPractice/JSONImageDownloadPractice-Info.plist";
				PRODUCT_NAME = "$(TARGET_NAME)";
				WRAPPER_EXTENSION = app;
			};
			name = Release;
		};
		915A13A5191A543A00DAA142 /* Debug */ = {
			isa = XCBuildConfiguration;
			buildSettings = {
				BUNDLE_LOADER = "$(BUILT_PRODUCTS_DIR)/JSONImageDownloadPractice.app/JSONImageDownloadPractice";
				FRAMEWORK_SEARCH_PATHS = (
					"$(SDKROOT)/Developer/Library/Frameworks",
					"$(inherited)",
					"$(DEVELOPER_FRAMEWORKS_DIR)",
				);
				GCC_PRECOMPILE_PREFIX_HEADER = YES;
				GCC_PREFIX_HEADER = "JSONImageDownloadPractice/JSONImageDownloadPractice-Prefix.pch";
				GCC_PREPROCESSOR_DEFINITIONS = (
					"DEBUG=1",
					"$(inherited)",
				);
				INFOPLIST_FILE = "JSONImageDownloadPracticeTests/JSONImageDownloadPracticeTests-Info.plist";
				PRODUCT_NAME = "$(TARGET_NAME)";
				TEST_HOST = "$(BUNDLE_LOADER)";
				WRAPPER_EXTENSION = xctest;
			};
			name = Debug;
		};
		915A13A6191A543A00DAA142 /* Release */ = {
			isa = XCBuildConfiguration;
			buildSettings = {
				BUNDLE_LOADER = "$(BUILT_PRODUCTS_DIR)/JSONImageDownloadPractice.app/JSONImageDownloadPractice";
				FRAMEWORK_SEARCH_PATHS = (
					"$(SDKROOT)/Developer/Library/Frameworks",
					"$(inherited)",
					"$(DEVELOPER_FRAMEWORKS_DIR)",
				);
				GCC_PRECOMPILE_PREFIX_HEADER = YES;
				GCC_PREFIX_HEADER = "JSONImageDownloadPractice/JSONImageDownloadPractice-Prefix.pch";
				INFOPLIST_FILE = "JSONImageDownloadPracticeTests/JSONImageDownloadPracticeTests-Info.plist";
				PRODUCT_NAME = "$(TARGET_NAME)";
				TEST_HOST = "$(BUNDLE_LOADER)";
				WRAPPER_EXTENSION = xctest;
			};
			name = Release;
		};
/* End XCBuildConfiguration section */

/* Begin XCConfigurationList section */
		915A1370191A543A00DAA142 /* Build configuration list for PBXProject "JSONImageDownloadPractice" */ = {
			isa = XCConfigurationList;
			buildConfigurations = (
				915A139F191A543A00DAA142 /* Debug */,
				915A13A0191A543A00DAA142 /* Release */,
			);
			defaultConfigurationIsVisible = 0;
			defaultConfigurationName = Release;
		};
		915A13A1191A543A00DAA142 /* Build configuration list for PBXNativeTarget "JSONImageDownloadPractice" */ = {
			isa = XCConfigurationList;
			buildConfigurations = (
				915A13A2191A543A00DAA142 /* Debug */,
				915A13A3191A543A00DAA142 /* Release */,
			);
			defaultConfigurationIsVisible = 0;
			defaultConfigurationName = Release;
		};
		915A13A4191A543A00DAA142 /* Build configuration list for PBXNativeTarget "JSONImageDownloadPracticeTests" */ = {
			isa = XCConfigurationList;
			buildConfigurations = (
				915A13A5191A543A00DAA142 /* Debug */,
				915A13A6191A543A00DAA142 /* Release */,
			);
			defaultConfigurationIsVisible = 0;
			defaultConfigurationName = Release;
		};
/* End XCConfigurationList section */
	};
	rootObject = 915A136D191A543A00DAA142 /* Project object */;
}
